
Microsoft Visual Studio Solution File, Format Version 12.00
# Visual Studio Version 16
VisualStudioVersion = 16.0.30804.86
MinimumVisualStudioVersion = 10.0.40219.1
Project("{FAE04EC0-301F-11D3-BF4B-00C04F79EFBC}") = "WebAPIBank", "WebAPIBank\WebAPIBank.csproj", "{635D7974-C9D0-4863-9F5F-79BD210F77FC}"
EndProject
Global
	GlobalSection(SolutionConfigurationPlatforms) = preSolution
		Debug|Any CPU = Debug|Any CPU
		Release|Any CPU = Release|Any CPU
	EndGlobalSection
	GlobalSection(ProjectConfigurationPlatforms) = postSolution
		{635D7974-C9D0-4863-9F5F-79BD210F77FC}.Debug|Any CPU.ActiveCfg = Debug|Any CPU
		{635D7974-C9D0-4863-9F5F-79BD210F77FC}.Debug|Any CPU.Build.0 = Debug|Any CPU
		{635D7974-C9D0-4863-9F5F-79BD210F77FC}.Release|Any CPU.ActiveCfg = Release|Any CPU
		{635D7974-C9D0-4863-9F5F-79BD210F77FC}.Release|Any CPU.Build.0 = Release|Any CPU
	EndGlobalSection
	GlobalSection(SolutionProperties) = preSolution
		HideSolutionNode = FALSE
	EndGlobalSection
	GlobalSection(ExtensibilityGlobals) = postSolution
		SolutionGuid = {A0B4DEED-2AB0-483C-B026-68580A92411D}
	EndGlobalSection
EndGlobal
